
Microsoft Visual Studio Solution File, Format Version 12.00
# Visual Studio 2013
VisualStudioVersion = 12.0.21005.1
MinimumVisualStudioVersion = 10.0.40219.1
Project("{FAE04EC0-301F-11D3-BF4B-00C04F79EFBC}") = "SWGProxy", "SWGProxy\SWGProxy.csproj", "{C89D76D0-E017-4D40-84FA-10DD6B1C2EE4}"
EndProject
Global
	GlobalSection(SolutionConfigurationPlatforms) = preSolution
		Debug|Any CPU = Debug|Any CPU
		Release|Any CPU = Release|Any CPU
	EndGlobalSection
	GlobalSection(ProjectConfigurationPlatforms) = postSolution
		{C89D76D0-E017-4D40-84FA-10DD6B1C2EE4}.Debug|Any CPU.ActiveCfg = Debug|Any CPU
		{C89D76D0-E017-4D40-84FA-10DD6B1C2EE4}.Debug|Any CPU.Build.0 = Debug|Any CPU
		{C89D76D0-E017-4D40-84FA-10DD6B1C2EE4}.Release|Any CPU.ActiveCfg = Release|Any CPU
		{C89D76D0-E017-4D40-84FA-10DD6B1C2EE4}.Release|Any CPU.Build.0 = Release|Any CPU
	EndGlobalSection
	GlobalSection(SolutionProperties) = preSolution
		HideSolutionNode = FALSE
	EndGlobalSection
EndGlobal
